
Microsoft Visual Studio Solution File, Format Version 12.00
Project("{FAE04EC0-301F-11D3-BF4B-00C04F79EFBC}") = "Game-Launcher", "Game-Launcher\Game-Launcher.csproj", "{C8FE6CCD-DD1A-4D48-A4D9-97A45559D895}"
EndProject
Project("{FAE04EC0-301F-11D3-BF4B-00C04F79EFBC}") = "Launcher.DAL", "Launcher.DAL\Launcher.DAL.csproj", "{BCF23454-6A00-4B87-9128-D4819D82FBE9}"
EndProject
Global
	GlobalSection(SolutionConfigurationPlatforms) = preSolution
		Debug|Any CPU = Debug|Any CPU
		Release|Any CPU = Release|Any CPU
	EndGlobalSection
	GlobalSection(ProjectConfigurationPlatforms) = postSolution
		{C8FE6CCD-DD1A-4D48-A4D9-97A45559D895}.Debug|Any CPU.ActiveCfg = Debug|Any CPU
		{C8FE6CCD-DD1A-4D48-A4D9-97A45559D895}.Debug|Any CPU.Build.0 = Debug|Any CPU
		{C8FE6CCD-DD1A-4D48-A4D9-97A45559D895}.Release|Any CPU.ActiveCfg = Release|Any CPU
		{C8FE6CCD-DD1A-4D48-A4D9-97A45559D895}.Release|Any CPU.Build.0 = Release|Any CPU
		{BCF23454-6A00-4B87-9128-D4819D82FBE9}.Debug|Any CPU.ActiveCfg = Debug|Any CPU
		{BCF23454-6A00-4B87-9128-D4819D82FBE9}.Debug|Any CPU.Build.0 = Debug|Any CPU
		{BCF23454-6A00-4B87-9128-D4819D82FBE9}.Release|Any CPU.ActiveCfg = Release|Any CPU
		{BCF23454-6A00-4B87-9128-D4819D82FBE9}.Release|Any CPU.Build.0 = Release|Any CPU
	EndGlobalSection
EndGlobal
