
Microsoft Visual Studio Solution File, Format Version 12.00
Project("{FAE04EC0-301F-11D3-BF4B-00C04F79EFBC}") = "Game-Launcher", "Game-Launcher\Game-Launcher.csproj", "{C8FE6CCD-DD1A-4D48-A4D9-97A45559D895}"
EndProject
Project("{FAE04EC0-301F-11D3-BF4B-00C04F79EFBC}") = "Launcher.DAL", "Launcher.DAL\Launcher.DAL.csproj", "{BCF23454-6A00-4B87-9128-D4819D82FBE9}"
EndProject
Project("{FAE04EC0-301F-11D3-BF4B-00C04F79EFBC}") = "Launcher.DAL.Tests", "Launcher.DAL.Tests\Launcher.DAL.Tests.csproj", "{64564535-9E0B-4A91-9BF3-467A240DFFAB}"
EndProject
Project("{FAE04EC0-301F-11D3-BF4B-00C04F79EFBC}") = "Launcher.Common.Tests", "Launcher.Common.Tests\Launcher.Common.Tests.csproj", "{DF426A53-8AF2-42E2-A310-FA492A357321}"
EndProject
Project("{FAE04EC0-301F-11D3-BF4B-00C04F79EFBC}") = "Launcher.BL", "Launcher.BL\Launcher.BL.csproj", "{B07E9A6F-5FC6-4709-BE23-3261730EBDDC}"
EndProject
Global
	GlobalSection(SolutionConfigurationPlatforms) = preSolution
		Debug|Any CPU = Debug|Any CPU
		Release|Any CPU = Release|Any CPU
	EndGlobalSection
	GlobalSection(ProjectConfigurationPlatforms) = postSolution
		{C8FE6CCD-DD1A-4D48-A4D9-97A45559D895}.Debug|Any CPU.ActiveCfg = Debug|Any CPU
		{C8FE6CCD-DD1A-4D48-A4D9-97A45559D895}.Debug|Any CPU.Build.0 = Debug|Any CPU
		{C8FE6CCD-DD1A-4D48-A4D9-97A45559D895}.Release|Any CPU.ActiveCfg = Release|Any CPU
		{C8FE6CCD-DD1A-4D48-A4D9-97A45559D895}.Release|Any CPU.Build.0 = Release|Any CPU
		{BCF23454-6A00-4B87-9128-D4819D82FBE9}.Debug|Any CPU.ActiveCfg = Debug|Any CPU
		{BCF23454-6A00-4B87-9128-D4819D82FBE9}.Debug|Any CPU.Build.0 = Debug|Any CPU
		{BCF23454-6A00-4B87-9128-D4819D82FBE9}.Release|Any CPU.ActiveCfg = Release|Any CPU
		{BCF23454-6A00-4B87-9128-D4819D82FBE9}.Release|Any CPU.Build.0 = Release|Any CPU
		{64564535-9E0B-4A91-9BF3-467A240DFFAB}.Debug|Any CPU.ActiveCfg = Debug|Any CPU
		{64564535-9E0B-4A91-9BF3-467A240DFFAB}.Debug|Any CPU.Build.0 = Debug|Any CPU
		{64564535-9E0B-4A91-9BF3-467A240DFFAB}.Release|Any CPU.ActiveCfg = Release|Any CPU
		{64564535-9E0B-4A91-9BF3-467A240DFFAB}.Release|Any CPU.Build.0 = Release|Any CPU
		{DF426A53-8AF2-42E2-A310-FA492A357321}.Debug|Any CPU.ActiveCfg = Debug|Any CPU
		{DF426A53-8AF2-42E2-A310-FA492A357321}.Debug|Any CPU.Build.0 = Debug|Any CPU
		{DF426A53-8AF2-42E2-A310-FA492A357321}.Release|Any CPU.ActiveCfg = Release|Any CPU
		{DF426A53-8AF2-42E2-A310-FA492A357321}.Release|Any CPU.Build.0 = Release|Any CPU
		{B07E9A6F-5FC6-4709-BE23-3261730EBDDC}.Debug|Any CPU.ActiveCfg = Debug|Any CPU
		{B07E9A6F-5FC6-4709-BE23-3261730EBDDC}.Debug|Any CPU.Build.0 = Debug|Any CPU
		{B07E9A6F-5FC6-4709-BE23-3261730EBDDC}.Release|Any CPU.ActiveCfg = Release|Any CPU
		{B07E9A6F-5FC6-4709-BE23-3261730EBDDC}.Release|Any CPU.Build.0 = Release|Any CPU
	EndGlobalSection
EndGlobal
